
Microsoft Visual Studio Solution File, Format Version 12.00
# Visual Studio 15
VisualStudioVersion = 15.0.27130.2036
MinimumVisualStudioVersion = 10.0.40219.1
Project("{FAE04EC0-301F-11D3-BF4B-00C04F79EFBC}") = "PersonSorter", "PersonSorter\PersonSorter.csproj", "{B3F77871-DA30-4B89-91ED-9671622F1956}"
EndProject
Global
	GlobalSection(SolutionConfigurationPlatforms) = preSolution
		Debug|Any CPU = Debug|Any CPU
		Release|Any CPU = Release|Any CPU
	EndGlobalSection
	GlobalSection(ProjectConfigurationPlatforms) = postSolution
		{B3F77871-DA30-4B89-91ED-9671622F1956}.Debug|Any CPU.ActiveCfg = Debug|Any CPU
		{B3F77871-DA30-4B89-91ED-9671622F1956}.Debug|Any CPU.Build.0 = Debug|Any CPU
		{B3F77871-DA30-4B89-91ED-9671622F1956}.Release|Any CPU.ActiveCfg = Release|Any CPU
		{B3F77871-DA30-4B89-91ED-9671622F1956}.Release|Any CPU.Build.0 = Release|Any CPU
	EndGlobalSection
	GlobalSection(SolutionProperties) = preSolution
		HideSolutionNode = FALSE
	EndGlobalSection
	GlobalSection(ExtensibilityGlobals) = postSolution
		SolutionGuid = {5ADE630C-3FE5-4664-90B9-510D20850ECA}
	EndGlobalSection
EndGlobal
